
Microsoft Visual Studio Solution File, Format Version 12.00
# Visual Studio Version 17
VisualStudioVersion = 17.11.35312.102
MinimumVisualStudioVersion = 10.0.40219.1
Project("{FAE04EC0-301F-11D3-BF4B-00C04F79EFBC}") = "SurvivorApi", "SurvivorApi\SurvivorApi.csproj", "{B0BB28F7-CBCF-4926-8ECE-AADA9D612100}"
EndProject
Global
	GlobalSection(SolutionConfigurationPlatforms) = preSolution
		Debug|Any CPU = Debug|Any CPU
		Release|Any CPU = Release|Any CPU
	EndGlobalSection
	GlobalSection(ProjectConfigurationPlatforms) = postSolution
		{B0BB28F7-CBCF-4926-8ECE-AADA9D612100}.Debug|Any CPU.ActiveCfg = Debug|Any CPU
		{B0BB28F7-CBCF-4926-8ECE-AADA9D612100}.Debug|Any CPU.Build.0 = Debug|Any CPU
		{B0BB28F7-CBCF-4926-8ECE-AADA9D612100}.Release|Any CPU.ActiveCfg = Release|Any CPU
		{B0BB28F7-CBCF-4926-8ECE-AADA9D612100}.Release|Any CPU.Build.0 = Release|Any CPU
	EndGlobalSection
	GlobalSection(SolutionProperties) = preSolution
		HideSolutionNode = FALSE
	EndGlobalSection
	GlobalSection(ExtensibilityGlobals) = postSolution
		SolutionGuid = {4B8346B8-3A9B-41DB-8CCA-4F685B5CDA0C}
	EndGlobalSection
EndGlobal
